PODS:
  - Firebase/Core (6.34.0):
    - Firebase/CoreOnly
    - FirebaseAnalytics (= 6.9.0)
  - Firebase/CoreOnly (6.34.0):
    - FirebaseCore (= 6.10.4)
  - Firebase/MLModelInterpreter (6.34.0):
    - Firebase/CoreOnly
    - FirebaseMLModelInterpreter (~> 0.22.0)
  - Firebase/MLNaturalLanguage (6.34.0):
    - Firebase/CoreOnly
    - FirebaseMLNaturalLanguage (~> 0.18.0)
  - Firebase/MLNLLanguageID (6.34.0):
    - Firebase/CoreOnly
    - FirebaseMLNLLanguageID (~> 0.18.0)
  - Firebase/MLVision (6.34.0):
    - Firebase/CoreOnly
    - FirebaseMLVision (~> 0.21.0)
  - Firebase/MLVisionBarcodeModel (6.34.0):
    - Firebase/CoreOnly
    - FirebaseMLVisionBarcodeModel (~> 0.21.0)
  - Firebase/MLVisionFaceModel (6.34.0):
    - Firebase/CoreOnly
    - FirebaseMLVisionFaceModel (~> 0.21.0)
  - Firebase/MLVisionLabelModel (6.34.0):
    - Firebase/CoreOnly
    - FirebaseMLVisionLabelModel (~> 0.21.0)
  - Firebase/MLVisionTextModel (6.34.0):
    - Firebase/CoreOnly
    - FirebaseMLVisionTextModel (~> 0.21.0)
  - FirebaseAnalytics (6.9.0):
    - FirebaseCore (~> 6.10)
    - FirebaseInstallations (~> 1.7)
    - GoogleAppMeasurement (= 6.9.0)
    - GoogleUtilities/AppDelegateSwizzler (~> 6.7)
    - GoogleUtilities/MethodSwizzler (~> 6.7)
    - GoogleUtilities/Network (~> 6.7)
    - "GoogleUtilities/NSData+zlib (~> 6.7)"
    - nanopb (~> 1.30906.0)
  - FirebaseCore (6.10.4):
    - FirebaseCoreDiagnostics (~> 1.6)
    - GoogleUtilities/Environment (~> 6.7)
    - GoogleUtilities/Logger (~> 6.7)
  - FirebaseCoreDiagnostics (1.7.0):
    - GoogleDataTransport (~> 7.4)
    - GoogleUtilities/Environment (~> 6.7)
    - GoogleUtilities/Logger (~> 6.7)
    - nanopb (~> 1.30906.0)
  - FirebaseInstallations (1.7.0):
    - FirebaseCore (~> 6.10)
    - GoogleUtilities/Environment (~> 6.7)
    - GoogleUtilities/UserDefaults (~> 6.7)
    - PromisesObjC (~> 1.2)
  - FirebaseMLCommon (0.21.0):
    - FirebaseCore (~> 6.9)
    - FirebaseInstallations (~> 1.5)
    - GoogleToolboxForMac/Logger (~> 2.1)
    - "GoogleToolboxForMac/NSData+zlib (~> 2.1)"
    - "GoogleToolboxForMac/NSDictionary+URLArguments (~> 2.1)"
    - GoogleUtilities/UserDefaults (~> 6.0)
    - GTMSessionFetcher/Core (~> 1.1)
    - Protobuf (~> 3.12)
  - FirebaseMLModelInterpreter (0.22.0):
    - FirebaseCore (~> 6.9)
    - FirebaseMLCommon (~> 0.21)
    - GoogleUtilities/UserDefaults (~> 6.0)
    - GTMSessionFetcher/Core (~> 1.1)
    - TensorFlowLiteObjC (~> 2.3.0)
  - FirebaseMLNaturalLanguage (0.18.0):
    - FirebaseCore (~> 6.9)
    - FirebaseMLCommon (~> 0.21)
    - GoogleToolboxForMac/Logger (~> 2.1)
    - "GoogleToolboxForMac/NSData+zlib (~> 2.1)"
    - "GoogleToolboxForMac/NSDictionary+URLArguments (~> 2.1)"
    - GTMSessionFetcher/Core (~> 1.1)
    - Protobuf (~> 3.12)
  - FirebaseMLNLLanguageID (0.18.0):
    - FirebaseCore (~> 6.9)
    - FirebaseMLNaturalLanguage (~> 0.18)
  - FirebaseMLVision (0.21.0):
    - FirebaseCore (~> 6.9)
    - FirebaseMLCommon (~> 0.21)
    - GoogleAPIClientForREST/Core (~> 1.3)
    - GoogleAPIClientForREST/Vision (~> 1.3)
    - GoogleToolboxForMac/Logger (~> 2.1)
    - "GoogleToolboxForMac/NSData+zlib (~> 2.1)"
    - GTMSessionFetcher/Core (~> 1.1)
    - Protobuf (~> 3.12)
  - FirebaseMLVisionBarcodeModel (0.21.0):
    - FirebaseMLVision (~> 0.21)
  - FirebaseMLVisionFaceModel (0.21.0):
    - FirebaseMLVision (~> 0.21)
  - FirebaseMLVisionLabelModel (0.21.0):
    - FirebaseMLVision (~> 0.21)
  - FirebaseMLVisionTextModel (0.21.0):
    - FirebaseMLVision (~> 0.21)
  - Flutter (1.0.0)
  - GoogleAPIClientForREST/Core (1.5.1):
    - GTMSessionFetcher (>= 1.1.7)
  - GoogleAPIClientForREST/Vision (1.5.1):
    - GoogleAPIClientForREST/Core
    - GTMSessionFetcher (>= 1.1.7)
  - GoogleAppMeasurement (6.9.0):
    - GoogleUtilities/AppDelegateSwizzler (~> 6.7)
    - GoogleUtilities/MethodSwizzler (~> 6.7)
    - GoogleUtilities/Network (~> 6.7)
    - "GoogleUtilities/NSData+zlib (~> 6.7)"
    - nanopb (~> 1.30906.0)
  - GoogleDataTransport (7.5.1):
    - nanopb (~> 1.30906.0)
  - GoogleToolboxForMac/DebugUtils (2.3.0):
    - GoogleToolboxForMac/Defines (= 2.3.0)
  - GoogleToolboxForMac/Defines (2.3.0)
  - GoogleToolboxForMac/Logger (2.3.0):
    - GoogleToolboxForMac/Defines (= 2.3.0)
  - "GoogleToolboxForMac/NSData+zlib (2.3.0)":
    - GoogleToolboxForMac/Defines (= 2.3.0)
  - "GoogleToolboxForMac/NSDictionary+URLArguments (2.3.0)":
    - GoogleToolboxForMac/DebugUtils (= 2.3.0)
    - GoogleToolboxForMac/Defines (= 2.3.0)
    - "GoogleToolboxForMac/NSString+URLArguments (= 2.3.0)"
  - "GoogleToolboxForMac/NSString+URLArguments (2.3.0)"
  - GoogleUtilities/AppDelegateSwizzler (6.7.2):
    - GoogleUtilities/Environment
    - GoogleUtilities/Logger
    - GoogleUtilities/Network
  - GoogleUtilities/Environment (6.7.2):
    - PromisesObjC (~> 1.2)
  - GoogleUtilities/Logger (6.7.2):
    - GoogleUtilities/Environment
  - GoogleUtilities/MethodSwizzler (6.7.2):
    - GoogleUtilities/Logger
  - GoogleUtilities/Network (6.7.2):
    - GoogleUtilities/Logger
    - "GoogleUtilities/NSData+zlib"
    - GoogleUtilities/Reachability
  - "GoogleUtilities/NSData+zlib (6.7.2)"
  - GoogleUtilities/Reachability (6.7.2):
    - GoogleUtilities/Logger
  - GoogleUtilities/UserDefaults (6.7.2):
    - GoogleUtilities/Logger
  - GTMSessionFetcher (1.5.0):
    - GTMSessionFetcher/Full (= 1.5.0)
  - GTMSessionFetcher/Core (1.5.0)
  - GTMSessionFetcher/Full (1.5.0):
    - GTMSessionFetcher/Core (= 1.5.0)
  - image_picker (0.0.1):
    - Flutter
  - mlkit (0.15.0):
    - Firebase/Core (~> 6.11)
    - Firebase/MLModelInterpreter (~> 6.11)
    - Firebase/MLNaturalLanguage (~> 6.11)
    - Firebase/MLNLLanguageID (~> 6.11)
    - Firebase/MLVision (~> 6.11)
    - Firebase/MLVisionBarcodeModel (~> 6.11)
    - Firebase/MLVisionFaceModel (~> 6.11)
    - Firebase/MLVisionLabelModel (~> 6.11)
    - Firebase/MLVisionTextModel (~> 6.11)
    - Flutter
  - nanopb (1.30906.0):
    - nanopb/decode (= 1.30906.0)
    - nanopb/encode (= 1.30906.0)
  - nanopb/decode (1.30906.0)
  - nanopb/encode (1.30906.0)
  - PromisesObjC (1.2.11)
  - Protobuf (3.13.0)
  - shared_preferences (0.0.1):
    - Flutter
  - TensorFlowLiteC (2.3.0):
    - TensorFlowLiteC/Core (= 2.3.0)
  - TensorFlowLiteC/Core (2.3.0)
  - TensorFlowLiteObjC (2.3.0):
    - TensorFlowLiteC (= 2.3.0)

DEPENDENCIES:
  - Flutter (from `Flutter`)
  - image_picker (from `.symlinks/plugins/image_picker/ios`)
  - mlkit (from `.symlinks/plugins/mlkit/ios`)
  - shared_preferences (from `.symlinks/plugins/shared_preferences/ios`)

SPEC REPOS:
  trunk:
    - Firebase
    - FirebaseAnalytics
    - FirebaseCore
    - FirebaseCoreDiagnostics
    - FirebaseInstallations
    - FirebaseMLCommon
    - FirebaseMLModelInterpreter
    - FirebaseMLNaturalLanguage
    - FirebaseMLNLLanguageID
    - FirebaseMLVision
    - FirebaseMLVisionBarcodeModel
    - FirebaseMLVisionFaceModel
    - FirebaseMLVisionLabelModel
    - FirebaseMLVisionTextModel
    - GoogleAPIClientForREST
    - GoogleAppMeasurement
    - GoogleDataTransport
    - GoogleToolboxForMac
    - GoogleUtilities
    - GTMSessionFetcher
    - nanopb
    - PromisesObjC
    - Protobuf
    - TensorFlowLiteC
    - TensorFlowLiteObjC

EXTERNAL SOURCES:
  Flutter:
    :path: Flutter
  image_picker:
    :path: ".symlinks/plugins/image_picker/ios"
  mlkit:
    :path: ".symlinks/plugins/mlkit/ios"
  shared_preferences:
    :path: ".symlinks/plugins/shared_preferences/ios"

SPEC CHECKSUMS:
  Firebase: c23a36d9e4cdf7877dfcba8dd0c58add66358999
  FirebaseAnalytics: 3bb096873ee0d7fa4b6c70f5e9166b6da413cc7f
  FirebaseCore: d3a978a3cfa3240bf7e4ba7d137fdf5b22b628ec
  FirebaseCoreDiagnostics: 770ac5958e1372ce67959ae4b4f31d8e127c3ac1
  FirebaseInstallations: 466c7b4d1f58fe16707693091da253726a731ed2
  FirebaseMLCommon: d218d75dd1c6c4e447f731ac22da56b88cb79431
  FirebaseMLModelInterpreter: 9837f010054982ea9dc4f713bc94b20cdcc42179
  FirebaseMLNaturalLanguage: 32cccde63dfdf82341d570b3d4b24e746303d4cd
  FirebaseMLNLLanguageID: 1adfdf439843d836e8d741c5124b97ebac645334
  FirebaseMLVision: 68dd092b4c52a7ac163ec0d4f541d5711fc9fec6
  FirebaseMLVisionBarcodeModel: 394cd61c52dc03558088caf82b0dade8028f57d5
  FirebaseMLVisionFaceModel: a67b2bf9b8407127a0bdb0ba98eb265637d1dc9d
  FirebaseMLVisionLabelModel: c6922e607cf4549b14981c80bf0d69eb51a2b547
  FirebaseMLVisionTextModel: e9f3cba0f31022ae9dd3d246aff9849075cacd98
  Flutter: 0e3d915762c693b495b44d77113d4970485de6ec
  GoogleAPIClientForREST: 4bb409633efcc2e1b3f945afe7e35039b5a61db2
  GoogleAppMeasurement: a6a3a066369828db64eda428cb2856dc1cdc7c4e
  GoogleDataTransport: f56af7caa4ed338dc8e138a5d7c5973e66440833
  GoogleToolboxForMac: 1350d40e86a76f7863928d63bcb0b89c84c521c5
  GoogleUtilities: 7f2f5a07f888cdb145101d6042bc4422f57e70b3
  GTMSessionFetcher: b3503b20a988c4e20cc189aa798fd18220133f52
  image_picker: 9c3312491f862b28d21ecd8fdf0ee14e601b3f09
  mlkit: d3f98c678b509216b5f65ee012ed665df9d86ddd
  nanopb: 59317e09cf1f1a0af72f12af412d54edf52603fc
  PromisesObjC: 8c196f5a328c2cba3e74624585467a557dcb482f
  Protobuf: 3dac39b34a08151c6d949560efe3f86134a3f748
  shared_preferences: af6bfa751691cdc24be3045c43ec037377ada40d
  TensorFlowLiteC: 51f50caf5777f740a70e2c1a5dbdc149e7aeb50b
  TensorFlowLiteObjC: 5b358503636cffcbbafd8b0ac9badb577fd72800

PODFILE CHECKSUM: aafe91acc616949ddb318b77800a7f51bffa2a4c

COCOAPODS: 1.10.0
